
Microsoft Visual Studio Solution File, Format Version 12.00
# Visual Studio Version 17
VisualStudioVersion = 17.5.33516.290
MinimumVisualStudioVersion = 10.0.40219.1
Project("{9A19103F-16F7-4668-BE54-9A1E7A4F7556}") = "WebApp", "WebApp\WebApp.csproj", "{90CFA661-907C-474A-B5BC-1E4A33821DDF}"
EndProject
Project("{9A19103F-16F7-4668-BE54-9A1E7A4F7556}") = "Domain", "Domain\Domain.csproj", "{B30C873B-AB46-4789-A340-2E1DBFEAD540}"
EndProject
Project("{9A19103F-16F7-4668-BE54-9A1E7A4F7556}") = "Repository", "Repository\Repository.csproj", "{2AD8C3CE-8E9B-462F-9EBA-653BFAB4AD5E}"
EndProject
Project("{9A19103F-16F7-4668-BE54-9A1E7A4F7556}") = "Playground", "Playground\Playground.csproj", "{DCABC9FA-54EF-4286-83A1-4A7CEF01E6A1}"
EndProject
Global
	GlobalSection(SolutionConfigurationPlatforms) = preSolution
		Debug|Any CPU = Debug|Any CPU
		Release|Any CPU = Release|Any CPU
	EndGlobalSection
	GlobalSection(ProjectConfigurationPlatforms) = postSolution
		{90CFA661-907C-474A-B5BC-1E4A33821DDF}.Debug|Any CPU.ActiveCfg = Debug|Any CPU
		{90CFA661-907C-474A-B5BC-1E4A33821DDF}.Debug|Any CPU.Build.0 = Debug|Any CPU
		{90CFA661-907C-474A-B5BC-1E4A33821DDF}.Release|Any CPU.ActiveCfg = Release|Any CPU
		{90CFA661-907C-474A-B5BC-1E4A33821DDF}.Release|Any CPU.Build.0 = Release|Any CPU
		{B30C873B-AB46-4789-A340-2E1DBFEAD540}.Debug|Any CPU.ActiveCfg = Debug|Any CPU
		{B30C873B-AB46-4789-A340-2E1DBFEAD540}.Debug|Any CPU.Build.0 = Debug|Any CPU
		{B30C873B-AB46-4789-A340-2E1DBFEAD540}.Release|Any CPU.ActiveCfg = Release|Any CPU
		{B30C873B-AB46-4789-A340-2E1DBFEAD540}.Release|Any CPU.Build.0 = Release|Any CPU
		{2AD8C3CE-8E9B-462F-9EBA-653BFAB4AD5E}.Debug|Any CPU.ActiveCfg = Debug|Any CPU
		{2AD8C3CE-8E9B-462F-9EBA-653BFAB4AD5E}.Debug|Any CPU.Build.0 = Debug|Any CPU
		{2AD8C3CE-8E9B-462F-9EBA-653BFAB4AD5E}.Release|Any CPU.ActiveCfg = Release|Any CPU
		{2AD8C3CE-8E9B-462F-9EBA-653BFAB4AD5E}.Release|Any CPU.Build.0 = Release|Any CPU
		{DCABC9FA-54EF-4286-83A1-4A7CEF01E6A1}.Debug|Any CPU.ActiveCfg = Debug|Any CPU
		{DCABC9FA-54EF-4286-83A1-4A7CEF01E6A1}.Debug|Any CPU.Build.0 = Debug|Any CPU
		{DCABC9FA-54EF-4286-83A1-4A7CEF01E6A1}.Release|Any CPU.ActiveCfg = Release|Any CPU
		{DCABC9FA-54EF-4286-83A1-4A7CEF01E6A1}.Release|Any CPU.Build.0 = Release|Any CPU
	EndGlobalSection
	GlobalSection(SolutionProperties) = preSolution
		HideSolutionNode = FALSE
	EndGlobalSection
	GlobalSection(ExtensibilityGlobals) = postSolution
		SolutionGuid = {186739F4-D76E-4323-9D4F-841099386EF5}
	EndGlobalSection
EndGlobal
